
Microsoft Visual Studio Solution File, Format Version 12.00
# Visual Studio Version 16
VisualStudioVersion = 16.0.32106.194
MinimumVisualStudioVersion = 10.0.40219.1
Project("{9A19103F-16F7-4668-BE54-9A1E7A4F7556}") = "01Week01Trial", "01Week01Trial\01Week01Trial.csproj", "{F4A7E059-2355-4592-9EB2-3ECC812B826A}"
EndProject
Project("{9A19103F-16F7-4668-BE54-9A1E7A4F7556}") = "01Week02Demo", "01Week02Demo\01Week02Demo.csproj", "{ACACAD7B-18EB-4D37-A8AF-32E5712B8089}"
EndProject
Project("{9A19103F-16F7-4668-BE54-9A1E7A4F7556}") = "01Week03DemoA", "01Week02DemoA\01Week03DemoA.csproj", "{7F3DC344-8147-427F-8164-6CA94FF35B21}"
EndProject
Project("{9A19103F-16F7-4668-BE54-9A1E7A4F7556}") = "01Week03DemoB - Temp Converter", "01Week03DemoB - Temp Converter\01Week03DemoB - Temp Converter.csproj", "{8F0C92C2-A3C8-48B0-A83B-89F743BC1690}"
EndProject
Project("{9A19103F-16F7-4668-BE54-9A1E7A4F7556}") = "01Week04Demo_ColourPicker", "01Week04Demo_ColourPicker\01Week04Demo_ColourPicker.csproj", "{DD53D8D6-34BA-4C6D-B856-6199E68DA246}"
EndProject
Project("{9A19103F-16F7-4668-BE54-9A1E7A4F7556}") = "01Week05Demo_BowlingTeams", "01Week05Demo_BowlingTeams\01Week05Demo_BowlingTeams.csproj", "{C1BA484C-F5AF-44D5-994E-5BA3DF07E556}"
EndProject
Project("{9A19103F-16F7-4668-BE54-9A1E7A4F7556}") = "01Week05Demo2_ArrayOfLabels", "01Week05Demo2_ArrayOfLabels\01Week05Demo2_ArrayOfLabels.csproj", "{1ED4A8C2-6032-4ED8-BD35-637A14306F53}"
EndProject
Project("{9A19103F-16F7-4668-BE54-9A1E7A4F7556}") = "01Week06Demo1_PlayingWithCollections", "01Week06Demo1_PlayingWithCollections\01Week06Demo1_PlayingWithCollections.csproj", "{DC7A4759-6DDE-449B-A3F2-208443A67AB2}"
EndProject
Project("{9A19103F-16F7-4668-BE54-9A1E7A4F7556}") = "01Week6Demo2_ColorSwatch", "01Week6Demo2_ColorSwatch\01Week6Demo2_ColorSwatch.csproj", "{65734BCE-B2E3-4912-A41D-9A4E017746E1}"
EndProject
Project("{9A19103F-16F7-4668-BE54-9A1E7A4F7556}") = "01Week7Demo1_DroidClass", "01Week7Demo1_DroidClass\01Week7Demo1_DroidClass.csproj", "{EA56496C-2A05-43FC-9F12-3820BBE626B4}"
EndProject
Project("{9A19103F-16F7-4668-BE54-9A1E7A4F7556}") = "Week07_Demo_Classes1", "01Week7Demo2_Classes_DroidFactory\Week07_Demo_Classes1.csproj", "{3173F9B5-2F1E-418A-8532-E48A930A67FE}"
EndProject
Project("{9A19103F-16F7-4668-BE54-9A1E7A4F7556}") = "Week08_Demo1_Classes2", "Week08_Demo1_Classes2\Week08_Demo1_Classes2.csproj", "{EE5F89CB-9F9B-4AC2-AA1C-9669CF8BAB95}"
EndProject
Project("{9A19103F-16F7-4668-BE54-9A1E7A4F7556}") = "01Week08_Demo2_MultipleForms", "01Week08_Demo2_MultipleForms\01Week08_Demo2_MultipleForms.csproj", "{648DBDB0-BC1D-422E-8B8B-1F715123D9E3}"
EndProject
Project("{9A19103F-16F7-4668-BE54-9A1E7A4F7556}") = "01Week09_Demo1_DataGrid", "01Week09_Demo1_DataGrid\01Week09_Demo1_DataGrid.csproj", "{8318FD1A-1F2A-434E-87D7-AEE0710476F9}"
EndProject
Project("{9A19103F-16F7-4668-BE54-9A1E7A4F7556}") = "W8_Collections", "W9_TrooperInventory\W8_Collections.csproj", "{BC7959E0-8191-4A26-89B0-E26DCFB8F247}"
EndProject
Project("{FAE04EC0-301F-11D3-BF4B-00C04F79EFBC}") = "01Week10_MultiFormEditor", "01Week10_MultiFormEditor\01Week10_MultiFormEditor.csproj", "{0F3AC0AE-1828-4BEA-9240-D9A07BAF7462}"
EndProject
Global
	GlobalSection(SolutionConfigurationPlatforms) = preSolution
		Debug|Any CPU = Debug|Any CPU
		Release|Any CPU = Release|Any CPU
	EndGlobalSection
	GlobalSection(ProjectConfigurationPlatforms) = postSolution
		{F4A7E059-2355-4592-9EB2-3ECC812B826A}.Debug|Any CPU.ActiveCfg = Debug|Any CPU
		{F4A7E059-2355-4592-9EB2-3ECC812B826A}.Debug|Any CPU.Build.0 = Debug|Any CPU
		{F4A7E059-2355-4592-9EB2-3ECC812B826A}.Release|Any CPU.ActiveCfg = Release|Any CPU
		{F4A7E059-2355-4592-9EB2-3ECC812B826A}.Release|Any CPU.Build.0 = Release|Any CPU
		{ACACAD7B-18EB-4D37-A8AF-32E5712B8089}.Debug|Any CPU.ActiveCfg = Debug|Any CPU
		{ACACAD7B-18EB-4D37-A8AF-32E5712B8089}.Debug|Any CPU.Build.0 = Debug|Any CPU
		{ACACAD7B-18EB-4D37-A8AF-32E5712B8089}.Release|Any CPU.ActiveCfg = Release|Any CPU
		{ACACAD7B-18EB-4D37-A8AF-32E5712B8089}.Release|Any CPU.Build.0 = Release|Any CPU
		{7F3DC344-8147-427F-8164-6CA94FF35B21}.Debug|Any CPU.ActiveCfg = Debug|Any CPU
		{7F3DC344-8147-427F-8164-6CA94FF35B21}.Debug|Any CPU.Build.0 = Debug|Any CPU
		{7F3DC344-8147-427F-8164-6CA94FF35B21}.Release|Any CPU.ActiveCfg = Release|Any CPU
		{7F3DC344-8147-427F-8164-6CA94FF35B21}.Release|Any CPU.Build.0 = Release|Any CPU
		{8F0C92C2-A3C8-48B0-A83B-89F743BC1690}.Debug|Any CPU.ActiveCfg = Debug|Any CPU
		{8F0C92C2-A3C8-48B0-A83B-89F743BC1690}.Debug|Any CPU.Build.0 = Debug|Any CPU
		{8F0C92C2-A3C8-48B0-A83B-89F743BC1690}.Release|Any CPU.ActiveCfg = Release|Any CPU
		{8F0C92C2-A3C8-48B0-A83B-89F743BC1690}.Release|Any CPU.Build.0 = Release|Any CPU
		{DD53D8D6-34BA-4C6D-B856-6199E68DA246}.Debug|Any CPU.ActiveCfg = Debug|Any CPU
		{DD53D8D6-34BA-4C6D-B856-6199E68DA246}.Debug|Any CPU.Build.0 = Debug|Any CPU
		{DD53D8D6-34BA-4C6D-B856-6199E68DA246}.Release|Any CPU.ActiveCfg = Release|Any CPU
		{DD53D8D6-34BA-4C6D-B856-6199E68DA246}.Release|Any CPU.Build.0 = Release|Any CPU
		{C1BA484C-F5AF-44D5-994E-5BA3DF07E556}.Debug|Any CPU.ActiveCfg = Debug|Any CPU
		{C1BA484C-F5AF-44D5-994E-5BA3DF07E556}.Debug|Any CPU.Build.0 = Debug|Any CPU
		{C1BA484C-F5AF-44D5-994E-5BA3DF07E556}.Release|Any CPU.ActiveCfg = Release|Any CPU
		{C1BA484C-F5AF-44D5-994E-5BA3DF07E556}.Release|Any CPU.Build.0 = Release|Any CPU
		{1ED4A8C2-6032-4ED8-BD35-637A14306F53}.Debug|Any CPU.ActiveCfg = Debug|Any CPU
		{1ED4A8C2-6032-4ED8-BD35-637A14306F53}.Debug|Any CPU.Build.0 = Debug|Any CPU
		{1ED4A8C2-6032-4ED8-BD35-637A14306F53}.Release|Any CPU.ActiveCfg = Release|Any CPU
		{1ED4A8C2-6032-4ED8-BD35-637A14306F53}.Release|Any CPU.Build.0 = Release|Any CPU
		{DC7A4759-6DDE-449B-A3F2-208443A67AB2}.Debug|Any CPU.ActiveCfg = Debug|Any CPU
		{DC7A4759-6DDE-449B-A3F2-208443A67AB2}.Debug|Any CPU.Build.0 = Debug|Any CPU
		{DC7A4759-6DDE-449B-A3F2-208443A67AB2}.Release|Any CPU.ActiveCfg = Release|Any CPU
		{DC7A4759-6DDE-449B-A3F2-208443A67AB2}.Release|Any CPU.Build.0 = Release|Any CPU
		{65734BCE-B2E3-4912-A41D-9A4E017746E1}.Debug|Any CPU.ActiveCfg = Debug|Any CPU
		{65734BCE-B2E3-4912-A41D-9A4E017746E1}.Debug|Any CPU.Build.0 = Debug|Any CPU
		{65734BCE-B2E3-4912-A41D-9A4E017746E1}.Release|Any CPU.ActiveCfg = Release|Any CPU
		{65734BCE-B2E3-4912-A41D-9A4E017746E1}.Release|Any CPU.Build.0 = Release|Any CPU
		{EA56496C-2A05-43FC-9F12-3820BBE626B4}.Debug|Any CPU.ActiveCfg = Debug|Any CPU
		{EA56496C-2A05-43FC-9F12-3820BBE626B4}.Debug|Any CPU.Build.0 = Debug|Any CPU
		{EA56496C-2A05-43FC-9F12-3820BBE626B4}.Release|Any CPU.ActiveCfg = Release|Any CPU
		{EA56496C-2A05-43FC-9F12-3820BBE626B4}.Release|Any CPU.Build.0 = Release|Any CPU
		{3173F9B5-2F1E-418A-8532-E48A930A67FE}.Debug|Any CPU.ActiveCfg = Debug|Any CPU
		{3173F9B5-2F1E-418A-8532-E48A930A67FE}.Debug|Any CPU.Build.0 = Debug|Any CPU
		{3173F9B5-2F1E-418A-8532-E48A930A67FE}.Release|Any CPU.ActiveCfg = Release|Any CPU
		{3173F9B5-2F1E-418A-8532-E48A930A67FE}.Release|Any CPU.Build.0 = Release|Any CPU
		{EE5F89CB-9F9B-4AC2-AA1C-9669CF8BAB95}.Debug|Any CPU.ActiveCfg = Debug|Any CPU
		{EE5F89CB-9F9B-4AC2-AA1C-9669CF8BAB95}.Debug|Any CPU.Build.0 = Debug|Any CPU
		{EE5F89CB-9F9B-4AC2-AA1C-9669CF8BAB95}.Release|Any CPU.ActiveCfg = Release|Any CPU
		{EE5F89CB-9F9B-4AC2-AA1C-9669CF8BAB95}.Release|Any CPU.Build.0 = Release|Any CPU
		{648DBDB0-BC1D-422E-8B8B-1F715123D9E3}.Debug|Any CPU.ActiveCfg = Debug|Any CPU
		{648DBDB0-BC1D-422E-8B8B-1F715123D9E3}.Debug|Any CPU.Build.0 = Debug|Any CPU
		{648DBDB0-BC1D-422E-8B8B-1F715123D9E3}.Release|Any CPU.ActiveCfg = Release|Any CPU
		{648DBDB0-BC1D-422E-8B8B-1F715123D9E3}.Release|Any CPU.Build.0 = Release|Any CPU
		{8318FD1A-1F2A-434E-87D7-AEE0710476F9}.Debug|Any CPU.ActiveCfg = Debug|Any CPU
		{8318FD1A-1F2A-434E-87D7-AEE0710476F9}.Debug|Any CPU.Build.0 = Debug|Any CPU
		{8318FD1A-1F2A-434E-87D7-AEE0710476F9}.Release|Any CPU.ActiveCfg = Release|Any CPU
		{8318FD1A-1F2A-434E-87D7-AEE0710476F9}.Release|Any CPU.Build.0 = Release|Any CPU
		{BC7959E0-8191-4A26-89B0-E26DCFB8F247}.Debug|Any CPU.ActiveCfg = Debug|Any CPU
		{BC7959E0-8191-4A26-89B0-E26DCFB8F247}.Debug|Any CPU.Build.0 = Debug|Any CPU
		{BC7959E0-8191-4A26-89B0-E26DCFB8F247}.Release|Any CPU.ActiveCfg = Release|Any CPU
		{BC7959E0-8191-4A26-89B0-E26DCFB8F247}.Release|Any CPU.Build.0 = Release|Any CPU
		{0F3AC0AE-1828-4BEA-9240-D9A07BAF7462}.Debug|Any CPU.ActiveCfg = Debug|Any CPU
		{0F3AC0AE-1828-4BEA-9240-D9A07BAF7462}.Debug|Any CPU.Build.0 = Debug|Any CPU
		{0F3AC0AE-1828-4BEA-9240-D9A07BAF7462}.Release|Any CPU.ActiveCfg = Release|Any CPU
		{0F3AC0AE-1828-4BEA-9240-D9A07BAF7462}.Release|Any CPU.Build.0 = Release|Any CPU
	EndGlobalSection
	GlobalSection(SolutionProperties) = preSolution
		HideSolutionNode = FALSE
	EndGlobalSection
	GlobalSection(ExtensibilityGlobals) = postSolution
		SolutionGuid = {BB57C914-5EB7-43FA-95D4-6AE5928B65D6}
	EndGlobalSection
EndGlobal
